// !$*UTF8*$!
{
	archiveVersion = 1;
	classes = {
	};
	objectVersion = 50;
	objects = {

/* Begin PBXBuildFile section */
		371A6CDD24AFEA3E0018889C /* AppDelegate.swift in Sources */ = {isa = PBXBuildFile; fileRef = 371A6CDC24AFEA3E0018889C /* AppDelegate.swift */; };
		371A6CDF24AFEA3E0018889C /* SceneDelegate.swift in Sources */ = {isa = PBXBuildFile; fileRef = 371A6CDE24AFEA3E0018889C /* SceneDelegate.swift */; };
		371A6CE124AFEA3E0018889C /* ViewController.swift in Sources */ = {isa = PBXBuildFile; fileRef = 371A6CE024AFEA3E0018889C /* ViewController.swift */; };
		371A6CE424AFEA3E0018889C /* Main.storyboard in Resources */ = {isa = PBXBuildFile; fileRef = 371A6CE224AFEA3E0018889C /* Main.storyboard */; };
		371A6CE624AFEA400018889C /* Assets.xcassets in Resources */ = {isa = PBXBuildFile; fileRef = 371A6CE524AFEA400018889C /* Assets.xcassets */; };
		371A6CE924AFEA400018889C /* LaunchScreen.storyboard in Resources */ = {isa = PBXBuildFile; fileRef = 371A6CE724AFEA400018889C /* LaunchScreen.storyboard */; };
		371A6CF424AFEA410018889C /* Peru_Apps_Technical_TestTests.swift in Sources */ = {isa = PBXBuildFile; fileRef = 371A6CF324AFEA410018889C /* Peru_Apps_Technical_TestTests.swift */; };
		371A6CFF24AFEA410018889C /* Peru_Apps_Technical_TestUITests.swift in Sources */ = {isa = PBXBuildFile; fileRef = 371A6CFE24AFEA410018889C /* Peru_Apps_Technical_TestUITests.swift */; };
/* End PBXBuildFile section */

/* Begin PBXContainerItemProxy section */
		371A6CF024AFEA410018889C /* PBXContainerItemProxy */ = {
			isa = PBXContainerItemProxy;
			containerPortal = 371A6CD124AFEA3E0018889C /* Project object */;
			proxyType = 1;
			remoteGlobalIDString = 371A6CD824AFEA3E0018889C;
			remoteInfo = "Peru Apps Technical Test";
		};
		371A6CFB24AFEA410018889C /* PBXContainerItemProxy */ = {
			isa = PBXContainerItemProxy;
			containerPortal = 371A6CD124AFEA3E0018889C /* Project object */;
			proxyType = 1;
			remoteGlobalIDString = 371A6CD824AFEA3E0018889C;
			remoteInfo = "Peru Apps Technical Test";
		};
/* End PBXContainerItemProxy section */

/* Begin PBXFileReference section */
		371A6CD924AFEA3E0018889C /* Peru Apps Technical Test.app */ = {isa = PBXFileReference; explicitFileType = wrapper.application; includeInIndex = 0; path = "Peru Apps Technical Test.app"; sourceTree = BUILT_PRODUCTS_DIR; };
		371A6CDC24AFEA3E0018889C /* AppDelegate.swift */ = {isa = PBXFileReference; lastKnownFileType = sourcecode.swift; path = AppDelegate.swift; sourceTree = "<group>"; };
		371A6CDE24AFEA3E0018889C /* SceneDelegate.swift */ = {isa = PBXFileReference; lastKnownFileType = sourcecode.swift; path = SceneDelegate.swift; sourceTree = "<group>"; };
		371A6CE024AFEA3E0018889C /* ViewController.swift */ = {isa = PBXFileReference; lastKnownFileType = sourcecode.swift; path = ViewController.swift; sourceTree = "<group>"; };
		371A6CE324AFEA3E0018889C /* Base */ = {isa = PBXFileReference; lastKnownFileType = file.storyboard; name = Base; path = Base.lproj/Main.storyboard; sourceTree = "<group>"; };
		371A6CE524AFEA400018889C /* Assets.xcassets */ = {isa = PBXFileReference; lastKnownFileType = folder.assetcatalog; path = Assets.xcassets; sourceTree = "<group>"; };
		371A6CE824AFEA400018889C /* Base */ = {isa = PBXFileReference; lastKnownFileType = file.storyboard; name = Base; path = Base.lproj/LaunchScreen.storyboard; sourceTree = "<group>"; };
		371A6CEA24AFEA400018889C /* Info.plist */ = {isa = PBXFileReference; lastKnownFileType = text.plist.xml; path = Info.plist; sourceTree = "<group>"; };
		371A6CEF24AFEA410018889C /* Peru Apps Technical TestTests.xctest */ = {isa = PBXFileReference; explicitFileType = wrapper.cfbundle; includeInIndex = 0; path = "Peru Apps Technical TestTests.xctest"; sourceTree = BUILT_PRODUCTS_DIR; };
		371A6CF324AFEA410018889C /* Peru_Apps_Technical_TestTests.swift */ = {isa = PBXFileReference; lastKnownFileType = sourcecode.swift; path = Peru_Apps_Technical_TestTests.swift; sourceTree = "<group>"; };
		371A6CF524AFEA410018889C /* Info.plist */ = {isa = PBXFileReference; lastKnownFileType = text.plist.xml; path = Info.plist; sourceTree = "<group>"; };
		371A6CFA24AFEA410018889C /* Peru Apps Technical TestUITests.xctest */ = {isa = PBXFileReference; explicitFileType = wrapper.cfbundle; includeInIndex = 0; path = "Peru Apps Technical TestUITests.xctest"; sourceTree = BUILT_PRODUCTS_DIR; };
		371A6CFE24AFEA410018889C /* Peru_Apps_Technical_TestUITests.swift */ = {isa = PBXFileReference; lastKnownFileType = sourcecode.swift; path = Peru_Apps_Technical_TestUITests.swift; sourceTree = "<group>"; };
		371A6D0024AFEA410018889C /* Info.plist */ = {isa = PBXFileReference; lastKnownFileType = text.plist.xml; path = Info.plist; sourceTree = "<group>"; };
/* End PBXFileReference section */

/* Begin PBXFrameworksBuildPhase section */
		371A6CD624AFEA3E0018889C /* Frameworks */ = {
			isa = PBXFrameworksBuildPhase;
			buildActionMask = 2147483647;
			files = (
			);
			runOnlyForDeploymentPostprocessing = 0;
		};
		371A6CEC24AFEA410018889C /* Frameworks */ = {
			isa = PBXFrameworksBuildPhase;
			buildActionMask = 2147483647;
			files = (
			);
			runOnlyForDeploymentPostprocessing = 0;
		};
		371A6CF724AFEA410018889C /* Frameworks */ = {
			isa = PBXFrameworksBuildPhase;
			buildActionMask = 2147483647;
			files = (
			);
			runOnlyForDeploymentPostprocessing = 0;
		};
/* End PBXFrameworksBuildPhase section */

/* Begin PBXGroup section */
		371A6CD024AFEA3E0018889C = {
			isa = PBXGroup;
			children = (
				371A6CDB24AFEA3E0018889C /* Peru Apps Technical Test */,
				371A6CF224AFEA410018889C /* Peru Apps Technical TestTests */,
				371A6CFD24AFEA410018889C /* Peru Apps Technical TestUITests */,
				371A6CDA24AFEA3E0018889C /* Products */,
			);
			sourceTree = "<group>";
		};
		371A6CDA24AFEA3E0018889C /* Products */ = {
			isa = PBXGroup;
			children = (
				371A6CD924AFEA3E0018889C /* Peru Apps Technical Test.app */,
				371A6CEF24AFEA410018889C /* Peru Apps Technical TestTests.xctest */,
				371A6CFA24AFEA410018889C /* Peru Apps Technical TestUITests.xctest */,
			);
			name = Products;
			sourceTree = "<group>";
		};
		371A6CDB24AFEA3E0018889C /* Peru Apps Technical Test */ = {
			isa = PBXGroup;
			children = (
				371A6CDC24AFEA3E0018889C /* AppDelegate.swift */,
				371A6CDE24AFEA3E0018889C /* SceneDelegate.swift */,
				371A6CE024AFEA3E0018889C /* ViewController.swift */,
				371A6CE224AFEA3E0018889C /* Main.storyboard */,
				371A6CE524AFEA400018889C /* Assets.xcassets */,
				371A6CE724AFEA400018889C /* LaunchScreen.storyboard */,
				371A6CEA24AFEA400018889C /* Info.plist */,
			);
			path = "Peru Apps Technical Test";
			sourceTree = "<group>";
		};
		371A6CF224AFEA410018889C /* Peru Apps Technical TestTests */ = {
			isa = PBXGroup;
			children = (
				371A6CF324AFEA410018889C /* Peru_Apps_Technical_TestTests.swift */,
				371A6CF524AFEA410018889C /* Info.plist */,
			);
			path = "Peru Apps Technical TestTests";
			sourceTree = "<group>";
		};
		371A6CFD24AFEA410018889C /* Peru Apps Technical TestUITests */ = {
			isa = PBXGroup;
			children = (
				371A6CFE24AFEA410018889C /* Peru_Apps_Technical_TestUITests.swift */,
				371A6D0024AFEA410018889C /* Info.plist */,
			);
			path = "Peru Apps Technical TestUITests";
			sourceTree = "<group>";
		};
/* End PBXGroup section */

/* Begin PBXNativeTarget section */
		371A6CD824AFEA3E0018889C /* Peru Apps Technical Test */ = {
			isa = PBXNativeTarget;
			buildConfigurationList = 371A6D0324AFEA410018889C /* Build configuration list for PBXNativeTarget "Peru Apps Technical Test" */;
			buildPhases = (
				371A6CD524AFEA3E0018889C /* Sources */,
				371A6CD624AFEA3E0018889C /* Frameworks */,
				371A6CD724AFEA3E0018889C /* Resources */,
			);
			buildRules = (
			);
			dependencies = (
			);
			name = "Peru Apps Technical Test";
			productName = "Peru Apps Technical Test";
			productReference = 371A6CD924AFEA3E0018889C /* Peru Apps Technical Test.app */;
			productType = "com.apple.product-type.application";
		};
		371A6CEE24AFEA410018889C /* Peru Apps Technical TestTests */ = {
			isa = PBXNativeTarget;
			buildConfigurationList = 371A6D0624AFEA410018889C /* Build configuration list for PBXNativeTarget "Peru Apps Technical TestTests" */;
			buildPhases = (
				371A6CEB24AFEA410018889C /* Sources */,
				371A6CEC24AFEA410018889C /* Frameworks */,
				371A6CED24AFEA410018889C /* Resources */,
			);
			buildRules = (
			);
			dependencies = (
				371A6CF124AFEA410018889C /* PBXTargetDependency */,
			);
			name = "Peru Apps Technical TestTests";
			productName = "Peru Apps Technical TestTests";
			productReference = 371A6CEF24AFEA410018889C /* Peru Apps Technical TestTests.xctest */;
			productType = "com.apple.product-type.bundle.unit-test";
		};
		371A6CF924AFEA410018889C /* Peru Apps Technical TestUITests */ = {
			isa = PBXNativeTarget;
			buildConfigurationList = 371A6D0924AFEA410018889C /* Build configuration list for PBXNativeTarget "Peru Apps Technical TestUITests" */;
			buildPhases = (
				371A6CF624AFEA410018889C /* Sources */,
				371A6CF724AFEA410018889C /* Frameworks */,
				371A6CF824AFEA410018889C /* Resources */,
			);
			buildRules = (
			);
			dependencies = (
				371A6CFC24AFEA410018889C /* PBXTargetDependency */,
			);
			name = "Peru Apps Technical TestUITests";
			productName = "Peru Apps Technical TestUITests";
			productReference = 371A6CFA24AFEA410018889C /* Peru Apps Technical TestUITests.xctest */;
			productType = "com.apple.product-type.bundle.ui-testing";
		};
/* End PBXNativeTarget section */

/* Begin PBXProject section */
		371A6CD124AFEA3E0018889C /* Project object */ = {
			isa = PBXProject;
			attributes = {
				LastSwiftUpdateCheck = 1200;
				LastUpgradeCheck = 1200;
				TargetAttributes = {
					371A6CD824AFEA3E0018889C = {
						CreatedOnToolsVersion = 12.0;
					};
					371A6CEE24AFEA410018889C = {
						CreatedOnToolsVersion = 12.0;
						TestTargetID = 371A6CD824AFEA3E0018889C;
					};
					371A6CF924AFEA410018889C = {
						CreatedOnToolsVersion = 12.0;
						TestTargetID = 371A6CD824AFEA3E0018889C;
					};
				};
			};
			buildConfigurationList = 371A6CD424AFEA3E0018889C /* Build configuration list for PBXProject "Peru Apps Technical Test" */;
			compatibilityVersion = "Xcode 9.3";
			developmentRegion = en;
			hasScannedForEncodings = 0;
			knownRegions = (
				en,
				Base,
			);
			mainGroup = 371A6CD024AFEA3E0018889C;
			productRefGroup = 371A6CDA24AFEA3E0018889C /* Products */;
			projectDirPath = "";
			projectRoot = "";
			targets = (
				371A6CD824AFEA3E0018889C /* Peru Apps Technical Test */,
				371A6CEE24AFEA410018889C /* Peru Apps Technical TestTests */,
				371A6CF924AFEA410018889C /* Peru Apps Technical TestUITests */,
			);
		};
/* End PBXProject section */

/* Begin PBXResourcesBuildPhase section */
		371A6CD724AFEA3E0018889C /* Resources */ = {
			isa = PBXResourcesBuildPhase;
			buildActionMask = 2147483647;
			files = (
				371A6CE924AFEA400018889C /* LaunchScreen.storyboard in Resources */,
				371A6CE624AFEA400018889C /* Assets.xcassets in Resources */,
				371A6CE424AFEA3E0018889C /* Main.storyboard in Resources */,
			);
			runOnlyForDeploymentPostprocessing = 0;
		};
		371A6CED24AFEA410018889C /* Resources */ = {
			isa = PBXResourcesBuildPhase;
			buildActionMask = 2147483647;
			files = (
			);
			runOnlyForDeploymentPostprocessing = 0;
		};
		371A6CF824AFEA410018889C /* Resources */ = {
			isa = PBXResourcesBuildPhase;
			buildActionMask = 2147483647;
			files = (
			);
			runOnlyForDeploymentPostprocessing = 0;
		};
/* End PBXResourcesBuildPhase section */

/* Begin PBXSourcesBuildPhase section */
		371A6CD524AFEA3E0018889C /* Sources */ = {
			isa = PBXSourcesBuildPhase;
			buildActionMask = 2147483647;
			files = (
				371A6CE124AFEA3E0018889C /* ViewController.swift in Sources */,
				371A6CDD24AFEA3E0018889C /* AppDelegate.swift in Sources */,
				371A6CDF24AFEA3E0018889C /* SceneDelegate.swift in Sources */,
			);
			runOnlyForDeploymentPostprocessing = 0;
		};
		371A6CEB24AFEA410018889C /* Sources */ = {
			isa = PBXSourcesBuildPhase;
			buildActionMask = 2147483647;
			files = (
				371A6CF424AFEA410018889C /* Peru_Apps_Technical_TestTests.swift in Sources */,
			);
			runOnlyForDeploymentPostprocessing = 0;
		};
		371A6CF624AFEA410018889C /* Sources */ = {
			isa = PBXSourcesBuildPhase;
			buildActionMask = 2147483647;
			files = (
				371A6CFF24AFEA410018889C /* Peru_Apps_Technical_TestUITests.swift in Sources */,
			);
			runOnlyForDeploymentPostprocessing = 0;
		};
/* End PBXSourcesBuildPhase section */

/* Begin PBXTargetDependency section */
		371A6CF124AFEA410018889C /* PBXTargetDependency */ = {
			isa = PBXTargetDependency;
			target = 371A6CD824AFEA3E0018889C /* Peru Apps Technical Test */;
			targetProxy = 371A6CF024AFEA410018889C /* PBXContainerItemProxy */;
		};
		371A6CFC24AFEA410018889C /* PBXTargetDependency */ = {
			isa = PBXTargetDependency;
			target = 371A6CD824AFEA3E0018889C /* Peru Apps Technical Test */;
			targetProxy = 371A6CFB24AFEA410018889C /* PBXContainerItemProxy */;
		};
/* End PBXTargetDependency section */

/* Begin PBXVariantGroup section */
		371A6CE224AFEA3E0018889C /* Main.storyboard */ = {
			isa = PBXVariantGroup;
			children = (
				371A6CE324AFEA3E0018889C /* Base */,
			);
			name = Main.storyboard;
			sourceTree = "<group>";
		};
		371A6CE724AFEA400018889C /* LaunchScreen.storyboard */ = {
			isa = PBXVariantGroup;
			children = (
				371A6CE824AFEA400018889C /* Base */,
			);
			name = LaunchScreen.storyboard;
			sourceTree = "<group>";
		};
/* End PBXVariantGroup section */

/* Begin XCBuildConfiguration section */
		371A6D0124AFEA410018889C /* Debug */ = {
			isa = XCBuildConfiguration;
			buildSettings = {
				ALWAYS_SEARCH_USER_PATHS = NO;
				CLANG_ANALYZER_NONNULL = YES;
				CLANG_ANALYZER_NUMBER_OBJECT_CONVERSION = YES_AGGRESSIVE;
				CLANG_CXX_LANGUAGE_STANDARD = "gnu++14";
				CLANG_CXX_LIBRARY = "libc++";
				CLANG_ENABLE_MODULES = YES;
				CLANG_ENABLE_OBJC_ARC = YES;
				CLANG_ENABLE_OBJC_WEAK = YES;
				CLANG_WARN_BLOCK_CAPTURE_AUTORELEASING = YES;
				CLANG_WARN_BOOL_CONVERSION = YES;
				CLANG_WARN_COMMA = YES;
				CLANG_WARN_CONSTANT_CONVERSION = YES;
				CLANG_WARN_DEPRECATED_OBJC_IMPLEMENTATIONS = YES;
				CLANG_WARN_DIRECT_OBJC_ISA_USAGE = YES_ERROR;
				CLANG_WARN_DOCUMENTATION_COMMENTS = YES;
				CLANG_WARN_EMPTY_BODY = YES;
				CLANG_WARN_ENUM_CONVERSION = YES;
				CLANG_WARN_INFINITE_RECURSION = YES;
				CLANG_WARN_INT_CONVERSION = YES;
				CLANG_WARN_NON_LITERAL_NULL_CONVERSION = YES;
				CLANG_WARN_OBJC_IMPLICIT_RETAIN_SELF = YES;
				CLANG_WARN_OBJC_LITERAL_CONVERSION = YES;
				CLANG_WARN_OBJC_ROOT_CLASS = YES_ERROR;
				CLANG_WARN_QUOTED_INCLUDE_IN_FRAMEWORK_HEADER = YES;
				CLANG_WARN_RANGE_LOOP_ANALYSIS = YES;
				CLANG_WARN_STRICT_PROTOTYPES = YES;
				CLANG_WARN_SUSPICIOUS_MOVE = YES;
				CLANG_WARN_UNGUARDED_AVAILABILITY = YES_AGGRESSIVE;
				CLANG_WARN_UNREACHABLE_CODE = YES;
				CLANG_WARN__DUPLICATE_METHOD_MATCH = YES;
				COPY_PHASE_STRIP = NO;
				DEBUG_INFORMATION_FORMAT = dwarf;
				ENABLE_STRICT_OBJC_MSGSEND = YES;
				ENABLE_TESTABILITY = YES;
				GCC_C_LANGUAGE_STANDARD = gnu11;
				GCC_DYNAMIC_NO_PIC = NO;
				GCC_NO_COMMON_BLOCKS = YES;
				GCC_OPTIMIZATION_LEVEL = 0;
				GCC_PREPROCESSOR_DEFINITIONS = (
					"DEBUG=1",
					"$(inherited)",
				);
				GCC_WARN_64_TO_32_BIT_CONVERSION = YES;
				GCC_WARN_ABOUT_RETURN_TYPE = YES_ERROR;
				GCC_WARN_UNDECLARED_SELECTOR = YES;
				GCC_WARN_UNINITIALIZED_AUTOS = YES_AGGRESSIVE;
				GCC_WARN_UNUSED_FUNCTION = YES;
				GCC_WARN_UNUSED_VARIABLE = YES;
				IPHONEOS_DEPLOYMENT_TARGET = 14.0;
				MTL_ENABLE_DEBUG_INFO = INCLUDE_SOURCE;
				MTL_FAST_MATH = YES;
				ONLY_ACTIVE_ARCH = YES;
				SDKROOT = iphoneos;
				SWIFT_ACTIVE_COMPILATION_CONDITIONS = DEBUG;
				SWIFT_OPTIMIZATION_LEVEL = "-Onone";
			};
			name = Debug;
		};
		371A6D0224AFEA410018889C /* Release */ = {
			isa = XCBuildConfiguration;
			buildSettings = {
				ALWAYS_SEARCH_USER_PATHS = NO;
				CLANG_ANALYZER_NONNULL = YES;
				CLANG_ANALYZER_NUMBER_OBJECT_CONVERSION = YES_AGGRESSIVE;
				CLANG_CXX_LANGUAGE_STANDARD = "gnu++14";
				CLANG_CXX_LIBRARY = "libc++";
				CLANG_ENABLE_MODULES = YES;
				CLANG_ENABLE_OBJC_ARC = YES;
				CLANG_ENABLE_OBJC_WEAK = YES;
				CLANG_WARN_BLOCK_CAPTURE_AUTORELEASING = YES;
				CLANG_WARN_BOOL_CONVERSION = YES;
				CLANG_WARN_COMMA = YES;
				CLANG_WARN_CONSTANT_CONVERSION = YES;
				CLANG_WARN_DEPRECATED_OBJC_IMPLEMENTATIONS = YES;
				CLANG_WARN_DIRECT_OBJC_ISA_USAGE = YES_ERROR;
				CLANG_WARN_DOCUMENTATION_COMMENTS = YES;
				CLANG_WARN_EMPTY_BODY = YES;
				CLANG_WARN_ENUM_CONVERSION = YES;
				CLANG_WARN_INFINITE_RECURSION = YES;
				CLANG_WARN_INT_CONVERSION = YES;
				CLANG_WARN_NON_LITERAL_NULL_CONVERSION = YES;
				CLANG_WARN_OBJC_IMPLICIT_RETAIN_SELF = YES;
				CLANG_WARN_OBJC_LITERAL_CONVERSION = YES;
				CLANG_WARN_OBJC_ROOT_CLASS = YES_ERROR;
				CLANG_WARN_QUOTED_INCLUDE_IN_FRAMEWORK_HEADER = YES;
				CLANG_WARN_RANGE_LOOP_ANALYSIS = YES;
				CLANG_WARN_STRICT_PROTOTYPES = YES;
				CLANG_WARN_SUSPICIOUS_MOVE = YES;
				CLANG_WARN_UNGUARDED_AVAILABILITY = YES_AGGRESSIVE;
				CLANG_WARN_UNREACHABLE_CODE = YES;
				CLANG_WARN__DUPLICATE_METHOD_MATCH = YES;
				COPY_PHASE_STRIP = NO;
				DEBUG_INFORMATION_FORMAT = "dwarf-with-dsym";
				ENABLE_NS_ASSERTIONS = NO;
				ENABLE_STRICT_OBJC_MSGSEND = YES;
				GCC_C_LANGUAGE_STANDARD = gnu11;
				GCC_NO_COMMON_BLOCKS = YES;
				GCC_WARN_64_TO_32_BIT_CONVERSION = YES;
				GCC_WARN_ABOUT_RETURN_TYPE = YES_ERROR;
				GCC_WARN_UNDECLARED_SELECTOR = YES;
				GCC_WARN_UNINITIALIZED_AUTOS = YES_AGGRESSIVE;
				GCC_WARN_UNUSED_FUNCTION = YES;
				GCC_WARN_UNUSED_VARIABLE = YES;
				IPHONEOS_DEPLOYMENT_TARGET = 14.0;
				MTL_ENABLE_DEBUG_INFO = NO;
				MTL_FAST_MATH = YES;
				SDKROOT = iphoneos;
				SWIFT_COMPILATION_MODE = wholemodule;
				SWIFT_OPTIMIZATION_LEVEL = "-O";
				VALIDATE_PRODUCT = YES;
			};
			name = Release;
		};
		371A6D0424AFEA410018889C /* Debug */ = {
			isa = XCBuildConfiguration;
			buildSettings = {
				ASSETCATALOG_COMPILER_APPICON_NAME = AppIcon;
				ASSETCATALOG_COMPILER_GLOBAL_ACCENT_COLOR_NAME = AccentColor;
				CODE_SIGN_STYLE = Automatic;
				DEVELOPMENT_TEAM = D5DZX4N5C6;
				INFOPLIST_FILE = "Peru Apps Technical Test/Info.plist";
				LD_RUNPATH_SEARCH_PATHS = (
					"$(inherited)",
					"@executable_path/Frameworks",
				);
				PRODUCT_BUNDLE_IDENTIFIER = "com.nicolasr.Peru-Apps-Technical-Test";
				PRODUCT_NAME = "$(TARGET_NAME)";
				SWIFT_VERSION = 5.0;
				TARGETED_DEVICE_FAMILY = "1,2";
			};
			name = Debug;
		};
		371A6D0524AFEA410018889C /* Release */ = {
			isa = XCBuildConfiguration;
			buildSettings = {
				ASSETCATALOG_COMPILER_APPICON_NAME = AppIcon;
				ASSETCATALOG_COMPILER_GLOBAL_ACCENT_COLOR_NAME = AccentColor;
				CODE_SIGN_STYLE = Automatic;
				DEVELOPMENT_TEAM = D5DZX4N5C6;
				INFOPLIST_FILE = "Peru Apps Technical Test/Info.plist";
				LD_RUNPATH_SEARCH_PATHS = (
					"$(inherited)",
					"@executable_path/Frameworks",
				);
				PRODUCT_BUNDLE_IDENTIFIER = "com.nicolasr.Peru-Apps-Technical-Test";
				PRODUCT_NAME = "$(TARGET_NAME)";
				SWIFT_VERSION = 5.0;
				TARGETED_DEVICE_FAMILY = "1,2";
			};
			name = Release;
		};
		371A6D0724AFEA410018889C /* Debug */ = {
			isa = XCBuildConfiguration;
			buildSettings = {
				ALWAYS_EMBED_SWIFT_STANDARD_LIBRARIES = YES;
				BUNDLE_LOADER = "$(TEST_HOST)";
				CODE_SIGN_STYLE = Automatic;
				DEVELOPMENT_TEAM = D5DZX4N5C6;
				INFOPLIST_FILE = "Peru Apps Technical TestTests/Info.plist";
				IPHONEOS_DEPLOYMENT_TARGET = 14.0;
				LD_RUNPATH_SEARCH_PATHS = (
					"$(inherited)",
					"@executable_path/Frameworks",
					"@loader_path/Frameworks",
				);
				PRODUCT_BUNDLE_IDENTIFIER = "com.nicolasr.Peru-Apps-Technical-TestTests";
				PRODUCT_NAME = "$(TARGET_NAME)";
				SWIFT_VERSION = 5.0;
				TARGETED_DEVICE_FAMILY = "1,2";
				TEST_HOST = "$(BUILT_PRODUCTS_DIR)/Peru Apps Technical Test.app/Peru Apps Technical Test";
			};
			name = Debug;
		};
		371A6D0824AFEA410018889C /* Release */ = {
			isa = XCBuildConfiguration;
			buildSettings = {
				ALWAYS_EMBED_SWIFT_STANDARD_LIBRARIES = YES;
				BUNDLE_LOADER = "$(TEST_HOST)";
				CODE_SIGN_STYLE = Automatic;
				DEVELOPMENT_TEAM = D5DZX4N5C6;
				INFOPLIST_FILE = "Peru Apps Technical TestTests/Info.plist";
				IPHONEOS_DEPLOYMENT_TARGET = 14.0;
				LD_RUNPATH_SEARCH_PATHS = (
					"$(inherited)",
					"@executable_path/Frameworks",
					"@loader_path/Frameworks",
				);
				PRODUCT_BUNDLE_IDENTIFIER = "com.nicolasr.Peru-Apps-Technical-TestTests";
				PRODUCT_NAME = "$(TARGET_NAME)";
				SWIFT_VERSION = 5.0;
				TARGETED_DEVICE_FAMILY = "1,2";
				TEST_HOST = "$(BUILT_PRODUCTS_DIR)/Peru Apps Technical Test.app/Peru Apps Technical Test";
			};
			name = Release;
		};
		371A6D0A24AFEA410018889C /* Debug */ = {
			isa = XCBuildConfiguration;
			buildSettings = {
				ALWAYS_EMBED_SWIFT_STANDARD_LIBRARIES = YES;
				CODE_SIGN_STYLE = Automatic;
				DEVELOPMENT_TEAM = D5DZX4N5C6;
				INFOPLIST_FILE = "Peru Apps Technical TestUITests/Info.plist";
				LD_RUNPATH_SEARCH_PATHS = (
					"$(inherited)",
					"@executable_path/Frameworks",
					"@loader_path/Frameworks",
				);
				PRODUCT_BUNDLE_IDENTIFIER = "com.nicolasr.Peru-Apps-Technical-TestUITests";
				PRODUCT_NAME = "$(TARGET_NAME)";
				SWIFT_VERSION = 5.0;
				TARGETED_DEVICE_FAMILY = "1,2";
				TEST_TARGET_NAME = "Peru Apps Technical Test";
			};
			name = Debug;
		};
		371A6D0B24AFEA410018889C /* Release */ = {
			isa = XCBuildConfiguration;
			buildSettings = {
				ALWAYS_EMBED_SWIFT_STANDARD_LIBRARIES = YES;
				CODE_SIGN_STYLE = Automatic;
				DEVELOPMENT_TEAM = D5DZX4N5C6;
				INFOPLIST_FILE = "Peru Apps Technical TestUITests/Info.plist";
				LD_RUNPATH_SEARCH_PATHS = (
					"$(inherited)",
					"@executable_path/Frameworks",
					"@loader_path/Frameworks",
				);
				PRODUCT_BUNDLE_IDENTIFIER = "com.nicolasr.Peru-Apps-Technical-TestUITests";
				PRODUCT_NAME = "$(TARGET_NAME)";
				SWIFT_VERSION = 5.0;
				TARGETED_DEVICE_FAMILY = "1,2";
				TEST_TARGET_NAME = "Peru Apps Technical Test";
			};
			name = Release;
		};
/* End XCBuildConfiguration section */

/* Begin XCConfigurationList section */
		371A6CD424AFEA3E0018889C /* Build configuration list for PBXProject "Peru Apps Technical Test" */ = {
			isa = XCConfigurationList;
			buildConfigurations = (
				371A6D0124AFEA410018889C /* Debug */,
				371A6D0224AFEA410018889C /* Release */,
			);
			defaultConfigurationIsVisible = 0;
			defaultConfigurationName = Release;
		};
		371A6D0324AFEA410018889C /* Build configuration list for PBXNativeTarget "Peru Apps Technical Test" */ = {
			isa = XCConfigurationList;
			buildConfigurations = (
				371A6D0424AFEA410018889C /* Debug */,
				371A6D0524AFEA410018889C /* Release */,
			);
			defaultConfigurationIsVisible = 0;
			defaultConfigurationName = Release;
		};
		371A6D0624AFEA410018889C /* Build configuration list for PBXNativeTarget "Peru Apps Technical TestTests" */ = {
			isa = XCConfigurationList;
			buildConfigurations = (
				371A6D0724AFEA410018889C /* Debug */,
				371A6D0824AFEA410018889C /* Release */,
			);
			defaultConfigurationIsVisible = 0;
			defaultConfigurationName = Release;
		};
		371A6D0924AFEA410018889C /* Build configuration list for PBXNativeTarget "Peru Apps Technical TestUITests" */ = {
			isa = XCConfigurationList;
			buildConfigurations = (
				371A6D0A24AFEA410018889C /* Debug */,
				371A6D0B24AFEA410018889C /* Release */,
			);
			defaultConfigurationIsVisible = 0;
			defaultConfigurationName = Release;
		};
/* End XCConfigurationList section */
	};
	rootObject = 371A6CD124AFEA3E0018889C /* Project object */;
}
