// !$*UTF8*$!
{
	archiveVersion = 1;
	classes = {
	};
	objectVersion = 52;
	objects = {

/* Begin PBXBuildFile section */
		370AEC0724B2FBE80007898B /* MovieDetailViewController.swift in Sources */ = {isa = PBXBuildFile; fileRef = 370AEC0624B2FBE80007898B /* MovieDetailViewController.swift */; };
		371A6CDD24AFEA3E0018889C /* AppDelegate.swift in Sources */ = {isa = PBXBuildFile; fileRef = 371A6CDC24AFEA3E0018889C /* AppDelegate.swift */; };
		371A6CDF24AFEA3E0018889C /* SceneDelegate.swift in Sources */ = {isa = PBXBuildFile; fileRef = 371A6CDE24AFEA3E0018889C /* SceneDelegate.swift */; };
		371A6CE124AFEA3E0018889C /* ViewController.swift in Sources */ = {isa = PBXBuildFile; fileRef = 371A6CE024AFEA3E0018889C /* ViewController.swift */; };
		371A6CE424AFEA3E0018889C /* Main.storyboard in Resources */ = {isa = PBXBuildFile; fileRef = 371A6CE224AFEA3E0018889C /* Main.storyboard */; };
		371A6CE624AFEA400018889C /* Assets.xcassets in Resources */ = {isa = PBXBuildFile; fileRef = 371A6CE524AFEA400018889C /* Assets.xcassets */; };
		371A6CE924AFEA400018889C /* LaunchScreen.storyboard in Resources */ = {isa = PBXBuildFile; fileRef = 371A6CE724AFEA400018889C /* LaunchScreen.storyboard */; };
		371A6CF424AFEA410018889C /* Peru_Apps_Technical_TestTests.swift in Sources */ = {isa = PBXBuildFile; fileRef = 371A6CF324AFEA410018889C /* Peru_Apps_Technical_TestTests.swift */; };
		371A6D0D24AFF9000018889C /* LoginViewController.swift in Sources */ = {isa = PBXBuildFile; fileRef = 371A6D0C24AFF9000018889C /* LoginViewController.swift */; };
		371A6D1324B009E80018889C /* LoginUseCase.swift in Sources */ = {isa = PBXBuildFile; fileRef = 371A6D1224B009E80018889C /* LoginUseCase.swift */; };
		371A6D1724B00ACC0018889C /* User.swift in Sources */ = {isa = PBXBuildFile; fileRef = 371A6D1624B00ACC0018889C /* User.swift */; };
		371A6D1A24B00B510018889C /* LoginRepositoryProtocol.swift in Sources */ = {isa = PBXBuildFile; fileRef = 371A6D1924B00B510018889C /* LoginRepositoryProtocol.swift */; };
		372A5BC524B38B6C00B91CC3 /* UserLoginResponse.swift in Sources */ = {isa = PBXBuildFile; fileRef = 374EDDE924B199CB00AEA3F2 /* UserLoginResponse.swift */; };
		372A5BC624B38B7D00B91CC3 /* LoginUseCase.swift in Sources */ = {isa = PBXBuildFile; fileRef = 371A6D1224B009E80018889C /* LoginUseCase.swift */; };
		372A5BC724B38B8400B91CC3 /* User.swift in Sources */ = {isa = PBXBuildFile; fileRef = 371A6D1624B00ACC0018889C /* User.swift */; };
		374EDDD824B1705E00AEA3F2 /* MovieTableViewController.swift in Sources */ = {isa = PBXBuildFile; fileRef = 374EDDD724B1705E00AEA3F2 /* MovieTableViewController.swift */; };
		374EDDDA24B1722800AEA3F2 /* MovieTableViewCell.swift in Sources */ = {isa = PBXBuildFile; fileRef = 374EDDD924B1722800AEA3F2 /* MovieTableViewCell.swift */; };
		374EDDDE24B189EE00AEA3F2 /* MoviesRepository.swift in Sources */ = {isa = PBXBuildFile; fileRef = 374EDDDD24B189EE00AEA3F2 /* MoviesRepository.swift */; };
		374EDDE324B18A6E00AEA3F2 /* Movie.swift in Sources */ = {isa = PBXBuildFile; fileRef = 374EDDE224B18A6E00AEA3F2 /* Movie.swift */; };
		374EDDE624B18D5700AEA3F2 /* MovieRepositoryProtocol.swift in Sources */ = {isa = PBXBuildFile; fileRef = 374EDDE524B18D5700AEA3F2 /* MovieRepositoryProtocol.swift */; };
		374EDDE824B18ED000AEA3F2 /* MovieUseCase.swift in Sources */ = {isa = PBXBuildFile; fileRef = 374EDDE724B18ED000AEA3F2 /* MovieUseCase.swift */; };
		374EDDEA24B199CB00AEA3F2 /* UserLoginResponse.swift in Sources */ = {isa = PBXBuildFile; fileRef = 374EDDE924B199CB00AEA3F2 /* UserLoginResponse.swift */; };
		374EDDED24B19C7600AEA3F2 /* KeychainSwift in Frameworks */ = {isa = PBXBuildFile; productRef = 374EDDEC24B19C7600AEA3F2 /* KeychainSwift */; };
		3769C6E524B0F3A300D22528 /* LoginRepository.swift in Sources */ = {isa = PBXBuildFile; fileRef = 37E811AF24B0DCDB00804014 /* LoginRepository.swift */; };
		3769C6E724B0F54700D22528 /* Login_Tests.swift in Sources */ = {isa = PBXBuildFile; fileRef = 3769C6E624B0F54700D22528 /* Login_Tests.swift */; };
		3769C6E824B0F5BA00D22528 /* LoginRepositoryProtocol.swift in Sources */ = {isa = PBXBuildFile; fileRef = 371A6D1924B00B510018889C /* LoginRepositoryProtocol.swift */; };
		37E811B024B0DCDB00804014 /* LoginRepository.swift in Sources */ = {isa = PBXBuildFile; fileRef = 37E811AF24B0DCDB00804014 /* LoginRepository.swift */; };
/* End PBXBuildFile section */

/* Begin PBXContainerItemProxy section */
		371A6CF024AFEA410018889C /* PBXContainerItemProxy */ = {
			isa = PBXContainerItemProxy;
			containerPortal = 371A6CD124AFEA3E0018889C /* Project object */;
			proxyType = 1;
			remoteGlobalIDString = 371A6CD824AFEA3E0018889C;
			remoteInfo = "Peru Apps Technical Test";
		};
/* End PBXContainerItemProxy section */

/* Begin PBXFileReference section */
		370AEC0624B2FBE80007898B /* MovieDetailViewController.swift */ = {isa = PBXFileReference; lastKnownFileType = sourcecode.swift; path = MovieDetailViewController.swift; sourceTree = "<group>"; };
		371A6CD924AFEA3E0018889C /* Peru Apps Technical Test.app */ = {isa = PBXFileReference; explicitFileType = wrapper.application; includeInIndex = 0; path = "Peru Apps Technical Test.app"; sourceTree = BUILT_PRODUCTS_DIR; };
		371A6CDC24AFEA3E0018889C /* AppDelegate.swift */ = {isa = PBXFileReference; lastKnownFileType = sourcecode.swift; path = AppDelegate.swift; sourceTree = "<group>"; };
		371A6CDE24AFEA3E0018889C /* SceneDelegate.swift */ = {isa = PBXFileReference; lastKnownFileType = sourcecode.swift; path = SceneDelegate.swift; sourceTree = "<group>"; };
		371A6CE024AFEA3E0018889C /* ViewController.swift */ = {isa = PBXFileReference; lastKnownFileType = sourcecode.swift; path = ViewController.swift; sourceTree = "<group>"; };
		371A6CE324AFEA3E0018889C /* Base */ = {isa = PBXFileReference; lastKnownFileType = file.storyboard; name = Base; path = Base.lproj/Main.storyboard; sourceTree = "<group>"; };
		371A6CE524AFEA400018889C /* Assets.xcassets */ = {isa = PBXFileReference; lastKnownFileType = folder.assetcatalog; path = Assets.xcassets; sourceTree = "<group>"; };
		371A6CE824AFEA400018889C /* Base */ = {isa = PBXFileReference; lastKnownFileType = file.storyboard; name = Base; path = Base.lproj/LaunchScreen.storyboard; sourceTree = "<group>"; };
		371A6CEA24AFEA400018889C /* Info.plist */ = {isa = PBXFileReference; lastKnownFileType = text.plist.xml; path = Info.plist; sourceTree = "<group>"; };
		371A6CEF24AFEA410018889C /* Peru Apps Technical TestTests.xctest */ = {isa = PBXFileReference; explicitFileType = wrapper.cfbundle; includeInIndex = 0; path = "Peru Apps Technical TestTests.xctest"; sourceTree = BUILT_PRODUCTS_DIR; };
		371A6CF324AFEA410018889C /* Peru_Apps_Technical_TestTests.swift */ = {isa = PBXFileReference; lastKnownFileType = sourcecode.swift; path = Peru_Apps_Technical_TestTests.swift; sourceTree = "<group>"; };
		371A6CF524AFEA410018889C /* Info.plist */ = {isa = PBXFileReference; lastKnownFileType = text.plist.xml; path = Info.plist; sourceTree = "<group>"; };
		371A6D0C24AFF9000018889C /* LoginViewController.swift */ = {isa = PBXFileReference; lastKnownFileType = sourcecode.swift; path = LoginViewController.swift; sourceTree = "<group>"; };
		371A6D1224B009E80018889C /* LoginUseCase.swift */ = {isa = PBXFileReference; lastKnownFileType = sourcecode.swift; path = LoginUseCase.swift; sourceTree = "<group>"; };
		371A6D1624B00ACC0018889C /* User.swift */ = {isa = PBXFileReference; lastKnownFileType = sourcecode.swift; path = User.swift; sourceTree = "<group>"; };
		371A6D1924B00B510018889C /* LoginRepositoryProtocol.swift */ = {isa = PBXFileReference; lastKnownFileType = sourcecode.swift; path = LoginRepositoryProtocol.swift; sourceTree = "<group>"; };
		374EDDD724B1705E00AEA3F2 /* MovieTableViewController.swift */ = {isa = PBXFileReference; lastKnownFileType = sourcecode.swift; path = MovieTableViewController.swift; sourceTree = "<group>"; };
		374EDDD924B1722800AEA3F2 /* MovieTableViewCell.swift */ = {isa = PBXFileReference; lastKnownFileType = sourcecode.swift; path = MovieTableViewCell.swift; sourceTree = "<group>"; };
		374EDDDD24B189EE00AEA3F2 /* MoviesRepository.swift */ = {isa = PBXFileReference; lastKnownFileType = sourcecode.swift; path = MoviesRepository.swift; sourceTree = "<group>"; };
		374EDDE224B18A6E00AEA3F2 /* Movie.swift */ = {isa = PBXFileReference; lastKnownFileType = sourcecode.swift; path = Movie.swift; sourceTree = "<group>"; };
		374EDDE524B18D5700AEA3F2 /* MovieRepositoryProtocol.swift */ = {isa = PBXFileReference; lastKnownFileType = sourcecode.swift; path = MovieRepositoryProtocol.swift; sourceTree = "<group>"; };
		374EDDE724B18ED000AEA3F2 /* MovieUseCase.swift */ = {isa = PBXFileReference; lastKnownFileType = sourcecode.swift; path = MovieUseCase.swift; sourceTree = "<group>"; };
		374EDDE924B199CB00AEA3F2 /* UserLoginResponse.swift */ = {isa = PBXFileReference; lastKnownFileType = sourcecode.swift; path = UserLoginResponse.swift; sourceTree = "<group>"; };
		3769C6E624B0F54700D22528 /* Login_Tests.swift */ = {isa = PBXFileReference; lastKnownFileType = sourcecode.swift; path = Login_Tests.swift; sourceTree = "<group>"; };
		37E811AF24B0DCDB00804014 /* LoginRepository.swift */ = {isa = PBXFileReference; lastKnownFileType = sourcecode.swift; path = LoginRepository.swift; sourceTree = "<group>"; };
/* End PBXFileReference section */

/* Begin PBXFrameworksBuildPhase section */
		371A6CD624AFEA3E0018889C /* Frameworks */ = {
			isa = PBXFrameworksBuildPhase;
			buildActionMask = 2147483647;
			files = (
				374EDDED24B19C7600AEA3F2 /* KeychainSwift in Frameworks */,
			);
			runOnlyForDeploymentPostprocessing = 0;
		};
		371A6CEC24AFEA410018889C /* Frameworks */ = {
			isa = PBXFrameworksBuildPhase;
			buildActionMask = 2147483647;
			files = (
			);
			runOnlyForDeploymentPostprocessing = 0;
		};
/* End PBXFrameworksBuildPhase section */

/* Begin PBXGroup section */
		371A6CD024AFEA3E0018889C = {
			isa = PBXGroup;
			children = (
				371A6CDB24AFEA3E0018889C /* Peru Apps Technical Test */,
				371A6CF224AFEA410018889C /* Peru Apps Technical TestTests */,
				371A6CDA24AFEA3E0018889C /* Products */,
			);
			sourceTree = "<group>";
		};
		371A6CDA24AFEA3E0018889C /* Products */ = {
			isa = PBXGroup;
			children = (
				371A6CD924AFEA3E0018889C /* Peru Apps Technical Test.app */,
				371A6CEF24AFEA410018889C /* Peru Apps Technical TestTests.xctest */,
			);
			name = Products;
			sourceTree = "<group>";
		};
		371A6CDB24AFEA3E0018889C /* Peru Apps Technical Test */ = {
			isa = PBXGroup;
			children = (
				371A6D0E24B005640018889C /* Login */,
				374EDDD424B16FFE00AEA3F2 /* Movies */,
				371A6CDC24AFEA3E0018889C /* AppDelegate.swift */,
				371A6CDE24AFEA3E0018889C /* SceneDelegate.swift */,
				371A6CE024AFEA3E0018889C /* ViewController.swift */,
				371A6CE224AFEA3E0018889C /* Main.storyboard */,
				371A6CE524AFEA400018889C /* Assets.xcassets */,
				371A6CE724AFEA400018889C /* LaunchScreen.storyboard */,
				371A6CEA24AFEA400018889C /* Info.plist */,
			);
			path = "Peru Apps Technical Test";
			sourceTree = "<group>";
		};
		371A6CF224AFEA410018889C /* Peru Apps Technical TestTests */ = {
			isa = PBXGroup;
			children = (
				3769C6E624B0F54700D22528 /* Login_Tests.swift */,
				371A6CF324AFEA410018889C /* Peru_Apps_Technical_TestTests.swift */,
				371A6CF524AFEA410018889C /* Info.plist */,
			);
			path = "Peru Apps Technical TestTests";
			sourceTree = "<group>";
		};
		371A6D0E24B005640018889C /* Login */ = {
			isa = PBXGroup;
			children = (
				371A6D0F24B007710018889C /* Application */,
				371A6D1424B00A870018889C /* Domain */,
				37E811AD24B0DC8600804014 /* Infrastructure */,
			);
			path = Login;
			sourceTree = "<group>";
		};
		371A6D0F24B007710018889C /* Application */ = {
			isa = PBXGroup;
			children = (
				371A6D1024B0077E0018889C /* Presentation */,
				371A6D1124B0085A0018889C /* UseCases */,
			);
			path = Application;
			sourceTree = "<group>";
		};
		371A6D1024B0077E0018889C /* Presentation */ = {
			isa = PBXGroup;
			children = (
				371A6D0C24AFF9000018889C /* LoginViewController.swift */,
			);
			path = Presentation;
			sourceTree = "<group>";
		};
		371A6D1124B0085A0018889C /* UseCases */ = {
			isa = PBXGroup;
			children = (
				371A6D1224B009E80018889C /* LoginUseCase.swift */,
			);
			path = UseCases;
			sourceTree = "<group>";
		};
		371A6D1424B00A870018889C /* Domain */ = {
			isa = PBXGroup;
			children = (
				371A6D1524B00AB40018889C /* Entities */,
				371A6D1824B00B1B0018889C /* Repositories */,
			);
			path = Domain;
			sourceTree = "<group>";
		};
		371A6D1524B00AB40018889C /* Entities */ = {
			isa = PBXGroup;
			children = (
				371A6D1624B00ACC0018889C /* User.swift */,
				374EDDE924B199CB00AEA3F2 /* UserLoginResponse.swift */,
			);
			path = Entities;
			sourceTree = "<group>";
		};
		371A6D1824B00B1B0018889C /* Repositories */ = {
			isa = PBXGroup;
			children = (
				371A6D1924B00B510018889C /* LoginRepositoryProtocol.swift */,
			);
			path = Repositories;
			sourceTree = "<group>";
		};
		374EDDD424B16FFE00AEA3F2 /* Movies */ = {
			isa = PBXGroup;
			children = (
				374EDDD524B1700D00AEA3F2 /* Application */,
				374EDDDF24B18A3500AEA3F2 /* Domain */,
				374EDDDB24B189A000AEA3F2 /* Infraestructure */,
			);
			path = Movies;
			sourceTree = "<group>";
		};
		374EDDD524B1700D00AEA3F2 /* Application */ = {
			isa = PBXGroup;
			children = (
				374EDDD624B1702200AEA3F2 /* Presentation */,
				374EDDE424B18D1D00AEA3F2 /* UseCases */,
			);
			path = Application;
			sourceTree = "<group>";
		};
		374EDDD624B1702200AEA3F2 /* Presentation */ = {
			isa = PBXGroup;
			children = (
				374EDDD724B1705E00AEA3F2 /* MovieTableViewController.swift */,
				374EDDD924B1722800AEA3F2 /* MovieTableViewCell.swift */,
				370AEC0624B2FBE80007898B /* MovieDetailViewController.swift */,
			);
			path = Presentation;
			sourceTree = "<group>";
		};
		374EDDDB24B189A000AEA3F2 /* Infraestructure */ = {
			isa = PBXGroup;
			children = (
				374EDDDC24B189B400AEA3F2 /* Repositories */,
			);
			path = Infraestructure;
			sourceTree = "<group>";
		};
		374EDDDC24B189B400AEA3F2 /* Repositories */ = {
			isa = PBXGroup;
			children = (
				374EDDDD24B189EE00AEA3F2 /* MoviesRepository.swift */,
			);
			path = Repositories;
			sourceTree = "<group>";
		};
		374EDDDF24B18A3500AEA3F2 /* Domain */ = {
			isa = PBXGroup;
			children = (
				374EDDE024B18A4500AEA3F2 /* Entities */,
				374EDDE124B18A5000AEA3F2 /* Repositories */,
			);
			path = Domain;
			sourceTree = "<group>";
		};
		374EDDE024B18A4500AEA3F2 /* Entities */ = {
			isa = PBXGroup;
			children = (
				374EDDE224B18A6E00AEA3F2 /* Movie.swift */,
			);
			path = Entities;
			sourceTree = "<group>";
		};
		374EDDE124B18A5000AEA3F2 /* Repositories */ = {
			isa = PBXGroup;
			children = (
				374EDDE524B18D5700AEA3F2 /* MovieRepositoryProtocol.swift */,
			);
			path = Repositories;
			sourceTree = "<group>";
		};
		374EDDE424B18D1D00AEA3F2 /* UseCases */ = {
			isa = PBXGroup;
			children = (
				374EDDE724B18ED000AEA3F2 /* MovieUseCase.swift */,
			);
			path = UseCases;
			sourceTree = "<group>";
		};
		37E811AD24B0DC8600804014 /* Infrastructure */ = {
			isa = PBXGroup;
			children = (
				37E811AE24B0DCA100804014 /* Repositories */,
			);
			path = Infrastructure;
			sourceTree = "<group>";
		};
		37E811AE24B0DCA100804014 /* Repositories */ = {
			isa = PBXGroup;
			children = (
				37E811AF24B0DCDB00804014 /* LoginRepository.swift */,
			);
			path = Repositories;
			sourceTree = "<group>";
		};
/* End PBXGroup section */

/* Begin PBXNativeTarget section */
		371A6CD824AFEA3E0018889C /* Peru Apps Technical Test */ = {
			isa = PBXNativeTarget;
			buildConfigurationList = 371A6D0324AFEA410018889C /* Build configuration list for PBXNativeTarget "Peru Apps Technical Test" */;
			buildPhases = (
				371A6CD524AFEA3E0018889C /* Sources */,
				371A6CD624AFEA3E0018889C /* Frameworks */,
				371A6CD724AFEA3E0018889C /* Resources */,
			);
			buildRules = (
			);
			dependencies = (
			);
			name = "Peru Apps Technical Test";
			packageProductDependencies = (
				374EDDEC24B19C7600AEA3F2 /* KeychainSwift */,
			);
			productName = "Peru Apps Technical Test";
			productReference = 371A6CD924AFEA3E0018889C /* Peru Apps Technical Test.app */;
			productType = "com.apple.product-type.application";
		};
		371A6CEE24AFEA410018889C /* Peru Apps Technical TestTests */ = {
			isa = PBXNativeTarget;
			buildConfigurationList = 371A6D0624AFEA410018889C /* Build configuration list for PBXNativeTarget "Peru Apps Technical TestTests" */;
			buildPhases = (
				371A6CEB24AFEA410018889C /* Sources */,
				371A6CEC24AFEA410018889C /* Frameworks */,
				371A6CED24AFEA410018889C /* Resources */,
			);
			buildRules = (
			);
			dependencies = (
				371A6CF124AFEA410018889C /* PBXTargetDependency */,
			);
			name = "Peru Apps Technical TestTests";
			productName = "Peru Apps Technical TestTests";
			productReference = 371A6CEF24AFEA410018889C /* Peru Apps Technical TestTests.xctest */;
			productType = "com.apple.product-type.bundle.unit-test";
		};
/* End PBXNativeTarget section */

/* Begin PBXProject section */
		371A6CD124AFEA3E0018889C /* Project object */ = {
			isa = PBXProject;
			attributes = {
				LastSwiftUpdateCheck = 1200;
				LastUpgradeCheck = 1200;
				TargetAttributes = {
					371A6CD824AFEA3E0018889C = {
						CreatedOnToolsVersion = 12.0;
					};
					371A6CEE24AFEA410018889C = {
						CreatedOnToolsVersion = 12.0;
						TestTargetID = 371A6CD824AFEA3E0018889C;
					};
				};
			};
			buildConfigurationList = 371A6CD424AFEA3E0018889C /* Build configuration list for PBXProject "Peru Apps Technical Test" */;
			compatibilityVersion = "Xcode 9.3";
			developmentRegion = en;
			hasScannedForEncodings = 0;
			knownRegions = (
				en,
				Base,
			);
			mainGroup = 371A6CD024AFEA3E0018889C;
			packageReferences = (
				374EDDEB24B19C7600AEA3F2 /* XCRemoteSwiftPackageReference "keychain-swift" */,
			);
			productRefGroup = 371A6CDA24AFEA3E0018889C /* Products */;
			projectDirPath = "";
			projectRoot = "";
			targets = (
				371A6CD824AFEA3E0018889C /* Peru Apps Technical Test */,
				371A6CEE24AFEA410018889C /* Peru Apps Technical TestTests */,
			);
		};
/* End PBXProject section */

/* Begin PBXResourcesBuildPhase section */
		371A6CD724AFEA3E0018889C /* Resources */ = {
			isa = PBXResourcesBuildPhase;
			buildActionMask = 2147483647;
			files = (
				371A6CE924AFEA400018889C /* LaunchScreen.storyboard in Resources */,
				371A6CE624AFEA400018889C /* Assets.xcassets in Resources */,
				371A6CE424AFEA3E0018889C /* Main.storyboard in Resources */,
			);
			runOnlyForDeploymentPostprocessing = 0;
		};
		371A6CED24AFEA410018889C /* Resources */ = {
			isa = PBXResourcesBuildPhase;
			buildActionMask = 2147483647;
			files = (
			);
			runOnlyForDeploymentPostprocessing = 0;
		};
/* End PBXResourcesBuildPhase section */

/* Begin PBXSourcesBuildPhase section */
		371A6CD524AFEA3E0018889C /* Sources */ = {
			isa = PBXSourcesBuildPhase;
			buildActionMask = 2147483647;
			files = (
				374EDDE624B18D5700AEA3F2 /* MovieRepositoryProtocol.swift in Sources */,
				374EDDEA24B199CB00AEA3F2 /* UserLoginResponse.swift in Sources */,
				374EDDDA24B1722800AEA3F2 /* MovieTableViewCell.swift in Sources */,
				371A6D0D24AFF9000018889C /* LoginViewController.swift in Sources */,
				374EDDE324B18A6E00AEA3F2 /* Movie.swift in Sources */,
				37E811B024B0DCDB00804014 /* LoginRepository.swift in Sources */,
				370AEC0724B2FBE80007898B /* MovieDetailViewController.swift in Sources */,
				374EDDDE24B189EE00AEA3F2 /* MoviesRepository.swift in Sources */,
				371A6CE124AFEA3E0018889C /* ViewController.swift in Sources */,
				371A6D1724B00ACC0018889C /* User.swift in Sources */,
				371A6D1A24B00B510018889C /* LoginRepositoryProtocol.swift in Sources */,
				371A6CDD24AFEA3E0018889C /* AppDelegate.swift in Sources */,
				374EDDD824B1705E00AEA3F2 /* MovieTableViewController.swift in Sources */,
				371A6CDF24AFEA3E0018889C /* SceneDelegate.swift in Sources */,
				374EDDE824B18ED000AEA3F2 /* MovieUseCase.swift in Sources */,
				371A6D1324B009E80018889C /* LoginUseCase.swift in Sources */,
			);
			runOnlyForDeploymentPostprocessing = 0;
		};
		371A6CEB24AFEA410018889C /* Sources */ = {
			isa = PBXSourcesBuildPhase;
			buildActionMask = 2147483647;
			files = (
				3769C6E724B0F54700D22528 /* Login_Tests.swift in Sources */,
				372A5BC524B38B6C00B91CC3 /* UserLoginResponse.swift in Sources */,
				371A6CF424AFEA410018889C /* Peru_Apps_Technical_TestTests.swift in Sources */,
				3769C6E524B0F3A300D22528 /* LoginRepository.swift in Sources */,
				3769C6E824B0F5BA00D22528 /* LoginRepositoryProtocol.swift in Sources */,
				372A5BC624B38B7D00B91CC3 /* LoginUseCase.swift in Sources */,
				372A5BC724B38B8400B91CC3 /* User.swift in Sources */,
			);
			runOnlyForDeploymentPostprocessing = 0;
		};
/* End PBXSourcesBuildPhase section */

/* Begin PBXTargetDependency section */
		371A6CF124AFEA410018889C /* PBXTargetDependency */ = {
			isa = PBXTargetDependency;
			target = 371A6CD824AFEA3E0018889C /* Peru Apps Technical Test */;
			targetProxy = 371A6CF024AFEA410018889C /* PBXContainerItemProxy */;
		};
/* End PBXTargetDependency section */

/* Begin PBXVariantGroup section */
		371A6CE224AFEA3E0018889C /* Main.storyboard */ = {
			isa = PBXVariantGroup;
			children = (
				371A6CE324AFEA3E0018889C /* Base */,
			);
			name = Main.storyboard;
			sourceTree = "<group>";
		};
		371A6CE724AFEA400018889C /* LaunchScreen.storyboard */ = {
			isa = PBXVariantGroup;
			children = (
				371A6CE824AFEA400018889C /* Base */,
			);
			name = LaunchScreen.storyboard;
			sourceTree = "<group>";
		};
/* End PBXVariantGroup section */

/* Begin XCBuildConfiguration section */
		371A6D0124AFEA410018889C /* Debug */ = {
			isa = XCBuildConfiguration;
			buildSettings = {
				ALWAYS_SEARCH_USER_PATHS = NO;
				CLANG_ANALYZER_NONNULL = YES;
				CLANG_ANALYZER_NUMBER_OBJECT_CONVERSION = YES_AGGRESSIVE;
				CLANG_CXX_LANGUAGE_STANDARD = "gnu++14";
				CLANG_CXX_LIBRARY = "libc++";
				CLANG_ENABLE_MODULES = YES;
				CLANG_ENABLE_OBJC_ARC = YES;
				CLANG_ENABLE_OBJC_WEAK = YES;
				CLANG_WARN_BLOCK_CAPTURE_AUTORELEASING = YES;
				CLANG_WARN_BOOL_CONVERSION = YES;
				CLANG_WARN_COMMA = YES;
				CLANG_WARN_CONSTANT_CONVERSION = YES;
				CLANG_WARN_DEPRECATED_OBJC_IMPLEMENTATIONS = YES;
				CLANG_WARN_DIRECT_OBJC_ISA_USAGE = YES_ERROR;
				CLANG_WARN_DOCUMENTATION_COMMENTS = YES;
				CLANG_WARN_EMPTY_BODY = YES;
				CLANG_WARN_ENUM_CONVERSION = YES;
				CLANG_WARN_INFINITE_RECURSION = YES;
				CLANG_WARN_INT_CONVERSION = YES;
				CLANG_WARN_NON_LITERAL_NULL_CONVERSION = YES;
				CLANG_WARN_OBJC_IMPLICIT_RETAIN_SELF = YES;
				CLANG_WARN_OBJC_LITERAL_CONVERSION = YES;
				CLANG_WARN_OBJC_ROOT_CLASS = YES_ERROR;
				CLANG_WARN_QUOTED_INCLUDE_IN_FRAMEWORK_HEADER = YES;
				CLANG_WARN_RANGE_LOOP_ANALYSIS = YES;
				CLANG_WARN_STRICT_PROTOTYPES = YES;
				CLANG_WARN_SUSPICIOUS_MOVE = YES;
				CLANG_WARN_UNGUARDED_AVAILABILITY = YES_AGGRESSIVE;
				CLANG_WARN_UNREACHABLE_CODE = YES;
				CLANG_WARN__DUPLICATE_METHOD_MATCH = YES;
				COPY_PHASE_STRIP = NO;
				DEBUG_INFORMATION_FORMAT = dwarf;
				ENABLE_STRICT_OBJC_MSGSEND = YES;
				ENABLE_TESTABILITY = YES;
				GCC_C_LANGUAGE_STANDARD = gnu11;
				GCC_DYNAMIC_NO_PIC = NO;
				GCC_NO_COMMON_BLOCKS = YES;
				GCC_OPTIMIZATION_LEVEL = 0;
				GCC_PREPROCESSOR_DEFINITIONS = (
					"DEBUG=1",
					"$(inherited)",
				);
				GCC_WARN_64_TO_32_BIT_CONVERSION = YES;
				GCC_WARN_ABOUT_RETURN_TYPE = YES_ERROR;
				GCC_WARN_UNDECLARED_SELECTOR = YES;
				GCC_WARN_UNINITIALIZED_AUTOS = YES_AGGRESSIVE;
				GCC_WARN_UNUSED_FUNCTION = YES;
				GCC_WARN_UNUSED_VARIABLE = YES;
				IPHONEOS_DEPLOYMENT_TARGET = 14.0;
				MTL_ENABLE_DEBUG_INFO = INCLUDE_SOURCE;
				MTL_FAST_MATH = YES;
				ONLY_ACTIVE_ARCH = YES;
				SDKROOT = iphoneos;
				SWIFT_ACTIVE_COMPILATION_CONDITIONS = DEBUG;
				SWIFT_OPTIMIZATION_LEVEL = "-Onone";
			};
			name = Debug;
		};
		371A6D0224AFEA410018889C /* Release */ = {
			isa = XCBuildConfiguration;
			buildSettings = {
				ALWAYS_SEARCH_USER_PATHS = NO;
				CLANG_ANALYZER_NONNULL = YES;
				CLANG_ANALYZER_NUMBER_OBJECT_CONVERSION = YES_AGGRESSIVE;
				CLANG_CXX_LANGUAGE_STANDARD = "gnu++14";
				CLANG_CXX_LIBRARY = "libc++";
				CLANG_ENABLE_MODULES = YES;
				CLANG_ENABLE_OBJC_ARC = YES;
				CLANG_ENABLE_OBJC_WEAK = YES;
				CLANG_WARN_BLOCK_CAPTURE_AUTORELEASING = YES;
				CLANG_WARN_BOOL_CONVERSION = YES;
				CLANG_WARN_COMMA = YES;
				CLANG_WARN_CONSTANT_CONVERSION = YES;
				CLANG_WARN_DEPRECATED_OBJC_IMPLEMENTATIONS = YES;
				CLANG_WARN_DIRECT_OBJC_ISA_USAGE = YES_ERROR;
				CLANG_WARN_DOCUMENTATION_COMMENTS = YES;
				CLANG_WARN_EMPTY_BODY = YES;
				CLANG_WARN_ENUM_CONVERSION = YES;
				CLANG_WARN_INFINITE_RECURSION = YES;
				CLANG_WARN_INT_CONVERSION = YES;
				CLANG_WARN_NON_LITERAL_NULL_CONVERSION = YES;
				CLANG_WARN_OBJC_IMPLICIT_RETAIN_SELF = YES;
				CLANG_WARN_OBJC_LITERAL_CONVERSION = YES;
				CLANG_WARN_OBJC_ROOT_CLASS = YES_ERROR;
				CLANG_WARN_QUOTED_INCLUDE_IN_FRAMEWORK_HEADER = YES;
				CLANG_WARN_RANGE_LOOP_ANALYSIS = YES;
				CLANG_WARN_STRICT_PROTOTYPES = YES;
				CLANG_WARN_SUSPICIOUS_MOVE = YES;
				CLANG_WARN_UNGUARDED_AVAILABILITY = YES_AGGRESSIVE;
				CLANG_WARN_UNREACHABLE_CODE = YES;
				CLANG_WARN__DUPLICATE_METHOD_MATCH = YES;
				COPY_PHASE_STRIP = NO;
				DEBUG_INFORMATION_FORMAT = "dwarf-with-dsym";
				ENABLE_NS_ASSERTIONS = NO;
				ENABLE_STRICT_OBJC_MSGSEND = YES;
				GCC_C_LANGUAGE_STANDARD = gnu11;
				GCC_NO_COMMON_BLOCKS = YES;
				GCC_WARN_64_TO_32_BIT_CONVERSION = YES;
				GCC_WARN_ABOUT_RETURN_TYPE = YES_ERROR;
				GCC_WARN_UNDECLARED_SELECTOR = YES;
				GCC_WARN_UNINITIALIZED_AUTOS = YES_AGGRESSIVE;
				GCC_WARN_UNUSED_FUNCTION = YES;
				GCC_WARN_UNUSED_VARIABLE = YES;
				IPHONEOS_DEPLOYMENT_TARGET = 14.0;
				MTL_ENABLE_DEBUG_INFO = NO;
				MTL_FAST_MATH = YES;
				SDKROOT = iphoneos;
				SWIFT_COMPILATION_MODE = wholemodule;
				SWIFT_OPTIMIZATION_LEVEL = "-O";
				VALIDATE_PRODUCT = YES;
			};
			name = Release;
		};
		371A6D0424AFEA410018889C /* Debug */ = {
			isa = XCBuildConfiguration;
			buildSettings = {
				ASSETCATALOG_COMPILER_APPICON_NAME = AppIcon;
				ASSETCATALOG_COMPILER_GLOBAL_ACCENT_COLOR_NAME = AccentColor;
				CODE_SIGN_STYLE = Automatic;
				DEVELOPMENT_TEAM = D5DZX4N5C6;
				INFOPLIST_FILE = "Peru Apps Technical Test/Info.plist";
				IPHONEOS_DEPLOYMENT_TARGET = 13.5;
				LD_RUNPATH_SEARCH_PATHS = (
					"$(inherited)",
					"@executable_path/Frameworks",
				);
				PRODUCT_BUNDLE_IDENTIFIER = "com.nicolasr.Peru-Apps-Technical-Test";
				PRODUCT_NAME = "$(TARGET_NAME)";
				SWIFT_VERSION = 5.0;
				TARGETED_DEVICE_FAMILY = "1,2";
			};
			name = Debug;
		};
		371A6D0524AFEA410018889C /* Release */ = {
			isa = XCBuildConfiguration;
			buildSettings = {
				ASSETCATALOG_COMPILER_APPICON_NAME = AppIcon;
				ASSETCATALOG_COMPILER_GLOBAL_ACCENT_COLOR_NAME = AccentColor;
				CODE_SIGN_STYLE = Automatic;
				DEVELOPMENT_TEAM = D5DZX4N5C6;
				INFOPLIST_FILE = "Peru Apps Technical Test/Info.plist";
				IPHONEOS_DEPLOYMENT_TARGET = 13.5;
				LD_RUNPATH_SEARCH_PATHS = (
					"$(inherited)",
					"@executable_path/Frameworks",
				);
				PRODUCT_BUNDLE_IDENTIFIER = "com.nicolasr.Peru-Apps-Technical-Test";
				PRODUCT_NAME = "$(TARGET_NAME)";
				SWIFT_VERSION = 5.0;
				TARGETED_DEVICE_FAMILY = "1,2";
			};
			name = Release;
		};
		371A6D0724AFEA410018889C /* Debug */ = {
			isa = XCBuildConfiguration;
			buildSettings = {
				ALWAYS_EMBED_SWIFT_STANDARD_LIBRARIES = YES;
				BUNDLE_LOADER = "$(TEST_HOST)";
				CODE_SIGN_STYLE = Automatic;
				DEVELOPMENT_TEAM = D5DZX4N5C6;
				INFOPLIST_FILE = "Peru Apps Technical TestTests/Info.plist";
				IPHONEOS_DEPLOYMENT_TARGET = 13.5;
				LD_RUNPATH_SEARCH_PATHS = (
					"$(inherited)",
					"@executable_path/Frameworks",
					"@loader_path/Frameworks",
				);
				PRODUCT_BUNDLE_IDENTIFIER = "com.nicolasr.Peru-Apps-Technical-TestTests";
				PRODUCT_NAME = "$(TARGET_NAME)";
				SWIFT_VERSION = 5.0;
				TARGETED_DEVICE_FAMILY = "1,2";
				TEST_HOST = "$(BUILT_PRODUCTS_DIR)/Peru Apps Technical Test.app/Peru Apps Technical Test";
			};
			name = Debug;
		};
		371A6D0824AFEA410018889C /* Release */ = {
			isa = XCBuildConfiguration;
			buildSettings = {
				ALWAYS_EMBED_SWIFT_STANDARD_LIBRARIES = YES;
				BUNDLE_LOADER = "$(TEST_HOST)";
				CODE_SIGN_STYLE = Automatic;
				DEVELOPMENT_TEAM = D5DZX4N5C6;
				INFOPLIST_FILE = "Peru Apps Technical TestTests/Info.plist";
				IPHONEOS_DEPLOYMENT_TARGET = 13.5;
				LD_RUNPATH_SEARCH_PATHS = (
					"$(inherited)",
					"@executable_path/Frameworks",
					"@loader_path/Frameworks",
				);
				PRODUCT_BUNDLE_IDENTIFIER = "com.nicolasr.Peru-Apps-Technical-TestTests";
				PRODUCT_NAME = "$(TARGET_NAME)";
				SWIFT_VERSION = 5.0;
				TARGETED_DEVICE_FAMILY = "1,2";
				TEST_HOST = "$(BUILT_PRODUCTS_DIR)/Peru Apps Technical Test.app/Peru Apps Technical Test";
			};
			name = Release;
		};
/* End XCBuildConfiguration section */

/* Begin XCConfigurationList section */
		371A6CD424AFEA3E0018889C /* Build configuration list for PBXProject "Peru Apps Technical Test" */ = {
			isa = XCConfigurationList;
			buildConfigurations = (
				371A6D0124AFEA410018889C /* Debug */,
				371A6D0224AFEA410018889C /* Release */,
			);
			defaultConfigurationIsVisible = 0;
			defaultConfigurationName = Release;
		};
		371A6D0324AFEA410018889C /* Build configuration list for PBXNativeTarget "Peru Apps Technical Test" */ = {
			isa = XCConfigurationList;
			buildConfigurations = (
				371A6D0424AFEA410018889C /* Debug */,
				371A6D0524AFEA410018889C /* Release */,
			);
			defaultConfigurationIsVisible = 0;
			defaultConfigurationName = Release;
		};
		371A6D0624AFEA410018889C /* Build configuration list for PBXNativeTarget "Peru Apps Technical TestTests" */ = {
			isa = XCConfigurationList;
			buildConfigurations = (
				371A6D0724AFEA410018889C /* Debug */,
				371A6D0824AFEA410018889C /* Release */,
			);
			defaultConfigurationIsVisible = 0;
			defaultConfigurationName = Release;
		};
/* End XCConfigurationList section */

/* Begin XCRemoteSwiftPackageReference section */
		374EDDEB24B19C7600AEA3F2 /* XCRemoteSwiftPackageReference "keychain-swift" */ = {
			isa = XCRemoteSwiftPackageReference;
			repositoryURL = "https://github.com/evgenyneu/keychain-swift.git";
			requirement = {
				kind = upToNextMajorVersion;
				minimumVersion = 19.0.0;
			};
		};
/* End XCRemoteSwiftPackageReference section */

/* Begin XCSwiftPackageProductDependency section */
		374EDDEC24B19C7600AEA3F2 /* KeychainSwift */ = {
			isa = XCSwiftPackageProductDependency;
			package = 374EDDEB24B19C7600AEA3F2 /* XCRemoteSwiftPackageReference "keychain-swift" */;
			productName = KeychainSwift;
		};
/* End XCSwiftPackageProductDependency section */
	};
	rootObject = 371A6CD124AFEA3E0018889C /* Project object */;
}
